{
  "name": "test",
  "version": "0.1.0",
  "lockfileVersion": 1,
  "requires": true,
  "dependencies": {
    "@types/expo": {
      "version": "27.0.6",
      "resolved": "https://registry.npmjs.org/@types/expo/-/expo-27.0.6.tgz",
      "integrity": "sha512-At0MIyeWNXyUoWGVkbpJVJnfXtWfuAN8GSzOd2eMWyamnhQhp/I4tAPSnbmZ6H1PldsUHCbj2X8RhUZ3VrQBGg==",
      "requires": {
        "@types/fbemitter": "2.0.32",
        "@types/react": "16.4.6",
        "@types/react-native": "0.56.3"
      }
    },
    "@types/fbemitter": {
      "version": "2.0.32",
      "resolved": "https://registry.npmjs.org/@types/fbemitter/-/fbemitter-2.0.32.tgz",
      "integrity": "sha1-jtIE2g9U6cjq7DGx7skeJRMtCCw="
    },
    "@types/react": {
      "version": "16.4.6",
      "resolved": "https://registry.npmjs.org/@types/react/-/react-16.4.6.tgz",
      "integrity": "sha512-9LDZdhsuKSc+DjY65SjBkA958oBWcTWSVWAd2cD9XqKBjhGw1KzAkRhWRw2eIsXvaIE/TOTjjKMFVC+JA1iU4g==",
      "requires": {
        "csstype": "2.5.5"
      }
    },
    "@types/react-native": {
      "version": "0.56.3",
      "resolved": "https://registry.npmjs.org/@types/react-native/-/react-native-0.56.3.tgz",
      "integrity": "sha512-3nKcfZZt3eJvTVrFjZBBBkaqf2v123E7/URpeHTSX/z7mXJAcOEj4WgUbxAMRuGruZWImxy+Y4R76PBBygDYEA==",
      "requires": {
        "@types/react": "16.4.6"
      }
    },
    "csstype": {
      "version": "2.5.5",
      "resolved": "https://registry.npmjs.org/csstype/-/csstype-2.5.5.tgz",
      "integrity": "sha512-EGMjeoiN3aqEX5u/cyH5mSdGBDGdLcCQvcEcBWNGFSPXKd9uOTIeVG91YQ22OxI44DKpvI+4C7VUSmEpsHWJaA=="
    }
  }
}
